
Microsoft Visual Studio Solution File, Format Version 12.00
# Visual Studio Version 17
VisualStudioVersion = 17.7.34024.191
MinimumVisualStudioVersion = 10.0.40219.1
Project("{FAE04EC0-301F-11D3-BF4B-00C04F79EFBC}") = "EmployeeApi", "EmployeeApi\EmployeeApi.csproj", "{38C0F495-2469-4D2A-8CD4-FE03AF5DA750}"
EndProject
Global
	GlobalSection(SolutionConfigurationPlatforms) = preSolution
		Debug|Any CPU = Debug|Any CPU
		Release|Any CPU = Release|Any CPU
	EndGlobalSection
	GlobalSection(ProjectConfigurationPlatforms) = postSolution
		{38C0F495-2469-4D2A-8CD4-FE03AF5DA750}.Debug|Any CPU.ActiveCfg = Debug|Any CPU
		{38C0F495-2469-4D2A-8CD4-FE03AF5DA750}.Debug|Any CPU.Build.0 = Debug|Any CPU
		{38C0F495-2469-4D2A-8CD4-FE03AF5DA750}.Release|Any CPU.ActiveCfg = Release|Any CPU
		{38C0F495-2469-4D2A-8CD4-FE03AF5DA750}.Release|Any CPU.Build.0 = Release|Any CPU
	EndGlobalSection
	GlobalSection(SolutionProperties) = preSolution
		HideSolutionNode = FALSE
	EndGlobalSection
	GlobalSection(ExtensibilityGlobals) = postSolution
		SolutionGuid = {DB9D244C-A60B-4425-9F3C-6786D5AA7F59}
	EndGlobalSection
EndGlobal
